
Microsoft Visual Studio Solution File, Format Version 12.00
# Visual Studio Version 16
VisualStudioVersion = 16.0.30002.166
MinimumVisualStudioVersion = 10.0.40219.1
Project("{9A19103F-16F7-4668-BE54-9A1E7A4F7556}") = "celo-user-api", "celo-user-api\celo-user-api.csproj", "{58BD7068-91C8-4D48-A238-5EA7A8D18FBE}"
EndProject
Project("{9A19103F-16F7-4668-BE54-9A1E7A4F7556}") = "celo-user-api-test", "celo-user-api-test\celo-user-api-test.csproj", "{23557A66-EE74-4E23-BF65-4DE51BE81829}"
EndProject
Global
	GlobalSection(SolutionConfigurationPlatforms) = preSolution
		Debug|Any CPU = Debug|Any CPU
		Release|Any CPU = Release|Any CPU
	EndGlobalSection
	GlobalSection(ProjectConfigurationPlatforms) = postSolution
		{58BD7068-91C8-4D48-A238-5EA7A8D18FBE}.Debug|Any CPU.ActiveCfg = Debug|Any CPU
		{58BD7068-91C8-4D48-A238-5EA7A8D18FBE}.Debug|Any CPU.Build.0 = Debug|Any CPU
		{58BD7068-91C8-4D48-A238-5EA7A8D18FBE}.Release|Any CPU.ActiveCfg = Release|Any CPU
		{58BD7068-91C8-4D48-A238-5EA7A8D18FBE}.Release|Any CPU.Build.0 = Release|Any CPU
		{23557A66-EE74-4E23-BF65-4DE51BE81829}.Debug|Any CPU.ActiveCfg = Debug|Any CPU
		{23557A66-EE74-4E23-BF65-4DE51BE81829}.Debug|Any CPU.Build.0 = Debug|Any CPU
		{23557A66-EE74-4E23-BF65-4DE51BE81829}.Release|Any CPU.ActiveCfg = Release|Any CPU
		{23557A66-EE74-4E23-BF65-4DE51BE81829}.Release|Any CPU.Build.0 = Release|Any CPU
	EndGlobalSection
	GlobalSection(SolutionProperties) = preSolution
		HideSolutionNode = FALSE
	EndGlobalSection
	GlobalSection(ExtensibilityGlobals) = postSolution
		SolutionGuid = {688449D2-42CF-43FF-A966-41E370048FB5}
	EndGlobalSection
EndGlobal
